
Microsoft Visual Studio Solution File, Format Version 12.00
Project("{FAE04EC0-301F-11D3-BF4B-00C04F79EFBC}") = "Core", "Core\Core.csproj", "{F1639AD7-43F4-48F8-86FE-6DBE30A94740}"
EndProject
Project("{FAE04EC0-301F-11D3-BF4B-00C04F79EFBC}") = "WebAPI", "WebAPI\WebAPI.csproj", "{3B6B9C2C-EB73-42DA-8B77-6877A586DABB}"
EndProject
Global
	GlobalSection(SolutionConfigurationPlatforms) = preSolution
		Debug|Any CPU = Debug|Any CPU
		Release|Any CPU = Release|Any CPU
	EndGlobalSection
	GlobalSection(ProjectConfigurationPlatforms) = postSolution
		{F1639AD7-43F4-48F8-86FE-6DBE30A94740}.Debug|Any CPU.ActiveCfg = Debug|Any CPU
		{F1639AD7-43F4-48F8-86FE-6DBE30A94740}.Debug|Any CPU.Build.0 = Debug|Any CPU
		{F1639AD7-43F4-48F8-86FE-6DBE30A94740}.Release|Any CPU.ActiveCfg = Release|Any CPU
		{F1639AD7-43F4-48F8-86FE-6DBE30A94740}.Release|Any CPU.Build.0 = Release|Any CPU
		{3B6B9C2C-EB73-42DA-8B77-6877A586DABB}.Debug|Any CPU.ActiveCfg = Debug|Any CPU
		{3B6B9C2C-EB73-42DA-8B77-6877A586DABB}.Debug|Any CPU.Build.0 = Debug|Any CPU
		{3B6B9C2C-EB73-42DA-8B77-6877A586DABB}.Release|Any CPU.ActiveCfg = Release|Any CPU
		{3B6B9C2C-EB73-42DA-8B77-6877A586DABB}.Release|Any CPU.Build.0 = Release|Any CPU
	EndGlobalSection
EndGlobal
